
Microsoft Visual Studio Solution File, Format Version 12.00
# Visual Studio Version 17
VisualStudioVersion = 17.0.32014.148
MinimumVisualStudioVersion = 10.0.40219.1
Project("{9A19103F-16F7-4668-BE54-9A1E7A4F7556}") = "HS.Learning.Extensions", "..\HS.Learning.Extensions\HS.Learning.Extensions.csproj", "{E2DE8FFB-A22D-4B6F-969A-73686807489E}"
EndProject
Project("{9A19103F-16F7-4668-BE54-9A1E7A4F7556}") = "HS.Learning.DependencyInjection", "..\HS.Learning.DependencyInjection\HS.Learning.DependencyInjection.csproj", "{DB84AF5E-ABBF-47F5-BF49-BDD272A7D463}"
EndProject
Project("{FAE04EC0-301F-11D3-BF4B-00C04F79EFBC}") = "HS.Learning.DIConsole", "HS.Learning.DIConsole\HS.Learning.DIConsole.csproj", "{91FCECE1-BE7F-464B-B9CF-1257D74E0187}"
EndProject
Project("{FAE04EC0-301F-11D3-BF4B-00C04F79EFBC}") = "HS.Learning.DILibrary", "HS.Learning.DILibrary\HS.Learning.DILibrary.csproj", "{27B0AFEF-96CD-44C8-9BE3-C266CA0E885C}"
EndProject
Project("{FAE04EC0-301F-11D3-BF4B-00C04F79EFBC}") = "HS.Learning.DependencyInjection.NUnit", "..\HS.Learning.DependencyInjection.NUnit\HS.Learning.DependencyInjection.NUnit.csproj", "{293041AC-D94F-4B68-9DA5-686F17C9E51C}"
EndProject
Project("{2150E333-8FDC-42A3-9474-1A3956D46DE8}") = "WebServices", "WebServices", "{C63E6B23-62CA-4C1C-8CDE-EB7A4F026233}"
EndProject
Project("{FAE04EC0-301F-11D3-BF4B-00C04F79EFBC}") = "HS.Learning.WebServices", "..\HS.Learning.WebServices\HS.Learning.WebServices.csproj", "{3A05AF7B-ACC0-44BF-BA31-B9785046AF77}"
EndProject
Global
	GlobalSection(SolutionConfigurationPlatforms) = preSolution
		Debug|Any CPU = Debug|Any CPU
		Release|Any CPU = Release|Any CPU
	EndGlobalSection
	GlobalSection(ProjectConfigurationPlatforms) = postSolution
		{E2DE8FFB-A22D-4B6F-969A-73686807489E}.Debug|Any CPU.ActiveCfg = Debug|Any CPU
		{E2DE8FFB-A22D-4B6F-969A-73686807489E}.Debug|Any CPU.Build.0 = Debug|Any CPU
		{E2DE8FFB-A22D-4B6F-969A-73686807489E}.Release|Any CPU.ActiveCfg = Release|Any CPU
		{E2DE8FFB-A22D-4B6F-969A-73686807489E}.Release|Any CPU.Build.0 = Release|Any CPU
		{DB84AF5E-ABBF-47F5-BF49-BDD272A7D463}.Debug|Any CPU.ActiveCfg = Debug|Any CPU
		{DB84AF5E-ABBF-47F5-BF49-BDD272A7D463}.Debug|Any CPU.Build.0 = Debug|Any CPU
		{DB84AF5E-ABBF-47F5-BF49-BDD272A7D463}.Release|Any CPU.ActiveCfg = Release|Any CPU
		{DB84AF5E-ABBF-47F5-BF49-BDD272A7D463}.Release|Any CPU.Build.0 = Release|Any CPU
		{91FCECE1-BE7F-464B-B9CF-1257D74E0187}.Debug|Any CPU.ActiveCfg = Debug|Any CPU
		{91FCECE1-BE7F-464B-B9CF-1257D74E0187}.Debug|Any CPU.Build.0 = Debug|Any CPU
		{91FCECE1-BE7F-464B-B9CF-1257D74E0187}.Release|Any CPU.ActiveCfg = Release|Any CPU
		{91FCECE1-BE7F-464B-B9CF-1257D74E0187}.Release|Any CPU.Build.0 = Release|Any CPU
		{27B0AFEF-96CD-44C8-9BE3-C266CA0E885C}.Debug|Any CPU.ActiveCfg = Debug|Any CPU
		{27B0AFEF-96CD-44C8-9BE3-C266CA0E885C}.Debug|Any CPU.Build.0 = Debug|Any CPU
		{27B0AFEF-96CD-44C8-9BE3-C266CA0E885C}.Release|Any CPU.ActiveCfg = Release|Any CPU
		{27B0AFEF-96CD-44C8-9BE3-C266CA0E885C}.Release|Any CPU.Build.0 = Release|Any CPU
		{293041AC-D94F-4B68-9DA5-686F17C9E51C}.Debug|Any CPU.ActiveCfg = Debug|Any CPU
		{293041AC-D94F-4B68-9DA5-686F17C9E51C}.Debug|Any CPU.Build.0 = Debug|Any CPU
		{293041AC-D94F-4B68-9DA5-686F17C9E51C}.Release|Any CPU.ActiveCfg = Release|Any CPU
		{293041AC-D94F-4B68-9DA5-686F17C9E51C}.Release|Any CPU.Build.0 = Release|Any CPU
		{3A05AF7B-ACC0-44BF-BA31-B9785046AF77}.Debug|Any CPU.ActiveCfg = Debug|Any CPU
		{3A05AF7B-ACC0-44BF-BA31-B9785046AF77}.Debug|Any CPU.Build.0 = Debug|Any CPU
		{3A05AF7B-ACC0-44BF-BA31-B9785046AF77}.Release|Any CPU.ActiveCfg = Release|Any CPU
		{3A05AF7B-ACC0-44BF-BA31-B9785046AF77}.Release|Any CPU.Build.0 = Release|Any CPU
	EndGlobalSection
	GlobalSection(SolutionProperties) = preSolution
		HideSolutionNode = FALSE
	EndGlobalSection
	GlobalSection(NestedProjects) = preSolution
		{3A05AF7B-ACC0-44BF-BA31-B9785046AF77} = {C63E6B23-62CA-4C1C-8CDE-EB7A4F026233}
	EndGlobalSection
	GlobalSection(ExtensibilityGlobals) = postSolution
		SolutionGuid = {FA9169FB-0C94-41C3-B5D1-5F298856B191}
	EndGlobalSection
EndGlobal
